{
  "name": "three-vtk-loader",
  "version": "3.0.1",
  "lockfileVersion": 1,
  "requires": true,
  "dependencies": {
    "fflate": {
      "version": "0.4.8",
      "resolved": "https://registry.npmjs.org/fflate/-/fflate-0.4.8.tgz",
      "integrity": "sha512-FJqqoDBR00Mdj9ppamLa/Y7vxm+PRmNWA67N846RvsoYVMKB4q3y/de5PA7gUmRMYK/8CMz2GDZQmCRN1wBcWA=="
    },
    "three": {
      "version": "0.138.0",
      "resolved": "https://registry.npmjs.org/three/-/three-0.138.0.tgz",
      "integrity": "sha512-xM/WwUd53ClkbHFrftW29aIzMVvyhj4rSZmIVgn6hZ/kYB7aMjDD8FFy4VJamygXSrldJuOgEJuaI+E+8mt/KA==",
      "dev": true
    }
  }
}
