{
  "name": "three-vtk-loader",
  "version": "3.0.1",
  "lockfileVersion": 1,
  "requires": true,
  "dependencies": {
    "fflate": {
      "version": "0.6.7",
      "resolved": "https://registry.npmjs.org/fflate/-/fflate-0.6.7.tgz",
      "integrity": "sha512-vQzKXPxs2pGPAI1jBj1c0cix/3lJjZJVgMBwwjDrReumnVU4PDSYnermp0WGek/n+gCCr3ZFdYEQO0CZ32anhw=="
    },
    "three": {
      "version": "0.125.2",
      "resolved": "https://registry.npmjs.org/three/-/three-0.125.2.tgz",
      "integrity": "sha512-7rIRO23jVKWcAPFdW/HREU2NZMGWPBZ4XwEMt0Ak0jwLUKVJhcKM55eCBWyGZq/KiQbeo1IeuAoo/9l2dzhTXA==",
      "dev": true
    }
  }
}
